
Microsoft Visual Studio Solution File, Format Version 12.00
# Visual Studio Version 16
VisualStudioVersion = 16.0.30011.22
MinimumVisualStudioVersion = 10.0.40219.1
Project("{2150E333-8FDC-42A3-9474-1A3956D46DE8}") = "Domain", "Domain", "{4ADA8241-6DD1-4040-BB84-54F6419859EC}"
EndProject
Project("{2150E333-8FDC-42A3-9474-1A3956D46DE8}") = "Infra.Bus", "Infra.Bus", "{E6B5A7BB-BCE9-4F15-9DAF-ADBB250A7202}"
EndProject
Project("{2150E333-8FDC-42A3-9474-1A3956D46DE8}") = "Infra.IoC", "Infra.IoC", "{BA455CBD-5FA9-4C75-B592-FFE119D3E25A}"
EndProject
Project("{2150E333-8FDC-42A3-9474-1A3956D46DE8}") = "MIcroservices", "MIcroservices", "{AC5172C7-E25C-4019-BA8E-87EB68ACDE3C}"
EndProject
Project("{2150E333-8FDC-42A3-9474-1A3956D46DE8}") = "Presentation", "Presentation", "{3BF5A007-1FC4-430F-BDA0-56A1205A398A}"
EndProject
Project("{FAE04EC0-301F-11D3-BF4B-00C04F79EFBC}") = "OrgLive.Infra.IoC", "OrgLive.Infra.IoC\OrgLive.Infra.IoC.csproj", "{FB903F3A-3F54-458C-9E70-C20391FC48CE}"
EndProject
Project("{FAE04EC0-301F-11D3-BF4B-00C04F79EFBC}") = "OrgLive.Domain.Core", "OrgLive.Domain.Core\OrgLive.Domain.Core.csproj", "{9D088DD1-1F39-417A-956D-3D9B92426C1D}"
EndProject
Project("{FAE04EC0-301F-11D3-BF4B-00C04F79EFBC}") = "OrgLive.Infra.Bus", "OrgLive.Infra.Bus\OrgLive.Infra.Bus.csproj", "{9DCDD127-2481-4A4E-BD57-1B9AA48643DB}"
EndProject
Project("{2150E333-8FDC-42A3-9474-1A3956D46DE8}") = "QuotingEngine", "QuotingEngine", "{4531620F-6BB3-4359-B6A8-7735BC6CF2CF}"
EndProject
Project("{2150E333-8FDC-42A3-9474-1A3956D46DE8}") = "PolicyEngine", "PolicyEngine", "{13688A81-4B21-456C-8A3A-14479879AEEC}"
EndProject
Project("{2150E333-8FDC-42A3-9474-1A3956D46DE8}") = "DecisionEngine", "DecisionEngine", "{25A5B116-00B3-4470-B762-8BCF9FCA12AD}"
EndProject
Project("{2150E333-8FDC-42A3-9474-1A3956D46DE8}") = "QuestionEngine", "QuestionEngine", "{6AD1C8CC-F52F-4474-A874-D646BBC0F016}"
EndProject
Project("{2150E333-8FDC-42A3-9474-1A3956D46DE8}") = "DocumentEngine", "DocumentEngine", "{2612C080-95DC-4307-95E3-241D08851FA7}"
EndProject
Project("{2150E333-8FDC-42A3-9474-1A3956D46DE8}") = "Api", "Api", "{0258E454-4FC8-4CEB-A54C-0D7B618FC0EA}"
EndProject
Project("{2150E333-8FDC-42A3-9474-1A3956D46DE8}") = "Application", "Application", "{E0743BD6-8C58-4647-9214-4AB060A90A25}"
EndProject
Project("{2150E333-8FDC-42A3-9474-1A3956D46DE8}") = "Data", "Data", "{47D4674A-1975-4C0A-AEDE-609FED1D9C3D}"
EndProject
Project("{2150E333-8FDC-42A3-9474-1A3956D46DE8}") = "Domain", "Domain", "{4F8899D1-C8DA-4AFC-88E3-5F5E0FA69C1D}"
EndProject
Project("{2150E333-8FDC-42A3-9474-1A3956D46DE8}") = "Api", "Api", "{CEE8D9FF-4AA4-47A1-A748-EE835E3E7960}"
EndProject
Project("{2150E333-8FDC-42A3-9474-1A3956D46DE8}") = "Application", "Application", "{87F585B4-77C2-4FEE-8E3C-C9E3919CEA96}"
EndProject
Project("{2150E333-8FDC-42A3-9474-1A3956D46DE8}") = "Data", "Data", "{42D76B78-478D-4E67-8AD5-98142C90AAEF}"
EndProject
Project("{2150E333-8FDC-42A3-9474-1A3956D46DE8}") = "Domain", "Domain", "{8BFC62CB-0318-42A2-A9F3-0F66381DB667}"
EndProject
Project("{2150E333-8FDC-42A3-9474-1A3956D46DE8}") = "Api", "Api", "{F7ECBCD7-314D-4D3A-A186-3A8D0396E81D}"
EndProject
Project("{2150E333-8FDC-42A3-9474-1A3956D46DE8}") = "Application", "Application", "{09824D69-2278-465B-AC25-2F23A6CC76CF}"
EndProject
Project("{2150E333-8FDC-42A3-9474-1A3956D46DE8}") = "Data", "Data", "{B7846635-C270-462C-BAD5-9E7F4998A4A4}"
EndProject
Project("{2150E333-8FDC-42A3-9474-1A3956D46DE8}") = "Domain", "Domain", "{7669E3FB-3246-428C-95C7-5025A37BEB79}"
EndProject
Project("{2150E333-8FDC-42A3-9474-1A3956D46DE8}") = "Api", "Api", "{8862DB3E-90CE-4F81-ACC0-DE1A1D5D64E1}"
EndProject
Project("{2150E333-8FDC-42A3-9474-1A3956D46DE8}") = "Application", "Application", "{63C4260F-BECC-430A-A05C-55E6875FC751}"
EndProject
Project("{2150E333-8FDC-42A3-9474-1A3956D46DE8}") = "Data", "Data", "{EE9ECD67-85B3-4C2F-8FA7-0142DAE87221}"
EndProject
Project("{2150E333-8FDC-42A3-9474-1A3956D46DE8}") = "Domain", "Domain", "{0A1BA991-1DD7-4672-AC35-B54800225A4C}"
EndProject
Project("{2150E333-8FDC-42A3-9474-1A3956D46DE8}") = "Api", "Api", "{B8AEE840-E2FF-4FF4-B0BD-7F63244D9E5D}"
EndProject
Project("{2150E333-8FDC-42A3-9474-1A3956D46DE8}") = "Application", "Application", "{2CCFE595-B641-439C-817E-B46B883077B3}"
EndProject
Project("{2150E333-8FDC-42A3-9474-1A3956D46DE8}") = "Data", "Data", "{0E19C5FD-118A-4576-A528-31723BB82944}"
EndProject
Project("{2150E333-8FDC-42A3-9474-1A3956D46DE8}") = "Domain", "Domain", "{1C0851A1-2681-479D-9CA2-4A2ADE615249}"
EndProject
Project("{FAE04EC0-301F-11D3-BF4B-00C04F79EFBC}") = "OrgLive.QuotingEngine.Domain", "OrgLive.QuotingEngine.Domain\OrgLive.QuotingEngine.Domain.csproj", "{EEB20103-6798-441C-9EB1-373100DA8079}"
EndProject
Project("{FAE04EC0-301F-11D3-BF4B-00C04F79EFBC}") = "OrgLive.QuotingEngine.Data", "OrgLive.QuotingEngine.Data\OrgLive.QuotingEngine.Data.csproj", "{19F526DD-98A0-4C49-9848-FF8791F90EE1}"
EndProject
Project("{FAE04EC0-301F-11D3-BF4B-00C04F79EFBC}") = "OrgLive.QuotingEngine.Application", "OrgLive.QuotingEngine.Application\OrgLive.QuotingEngine.Application.csproj", "{046C7633-FEFE-4B4E-916A-0E6B8DE474B0}"
EndProject
Project("{FAE04EC0-301F-11D3-BF4B-00C04F79EFBC}") = "OrgLive.QuotingEngine.Api", "OrgLive.QuotingEngine.Api\OrgLive.QuotingEngine.Api.csproj", "{6F7CD012-0912-4E19-96CA-48C6DADB14D3}"
EndProject
Global
	GlobalSection(SolutionConfigurationPlatforms) = preSolution
		Debug|Any CPU = Debug|Any CPU
		Release|Any CPU = Release|Any CPU
	EndGlobalSection
	GlobalSection(ProjectConfigurationPlatforms) = postSolution
		{FB903F3A-3F54-458C-9E70-C20391FC48CE}.Debug|Any CPU.ActiveCfg = Debug|Any CPU
		{FB903F3A-3F54-458C-9E70-C20391FC48CE}.Debug|Any CPU.Build.0 = Debug|Any CPU
		{FB903F3A-3F54-458C-9E70-C20391FC48CE}.Release|Any CPU.ActiveCfg = Release|Any CPU
		{FB903F3A-3F54-458C-9E70-C20391FC48CE}.Release|Any CPU.Build.0 = Release|Any CPU
		{9D088DD1-1F39-417A-956D-3D9B92426C1D}.Debug|Any CPU.ActiveCfg = Debug|Any CPU
		{9D088DD1-1F39-417A-956D-3D9B92426C1D}.Debug|Any CPU.Build.0 = Debug|Any CPU
		{9D088DD1-1F39-417A-956D-3D9B92426C1D}.Release|Any CPU.ActiveCfg = Release|Any CPU
		{9D088DD1-1F39-417A-956D-3D9B92426C1D}.Release|Any CPU.Build.0 = Release|Any CPU
		{9DCDD127-2481-4A4E-BD57-1B9AA48643DB}.Debug|Any CPU.ActiveCfg = Debug|Any CPU
		{9DCDD127-2481-4A4E-BD57-1B9AA48643DB}.Debug|Any CPU.Build.0 = Debug|Any CPU
		{9DCDD127-2481-4A4E-BD57-1B9AA48643DB}.Release|Any CPU.ActiveCfg = Release|Any CPU
		{9DCDD127-2481-4A4E-BD57-1B9AA48643DB}.Release|Any CPU.Build.0 = Release|Any CPU
		{EEB20103-6798-441C-9EB1-373100DA8079}.Debug|Any CPU.ActiveCfg = Debug|Any CPU
		{EEB20103-6798-441C-9EB1-373100DA8079}.Debug|Any CPU.Build.0 = Debug|Any CPU
		{EEB20103-6798-441C-9EB1-373100DA8079}.Release|Any CPU.ActiveCfg = Release|Any CPU
		{EEB20103-6798-441C-9EB1-373100DA8079}.Release|Any CPU.Build.0 = Release|Any CPU
		{19F526DD-98A0-4C49-9848-FF8791F90EE1}.Debug|Any CPU.ActiveCfg = Debug|Any CPU
		{19F526DD-98A0-4C49-9848-FF8791F90EE1}.Debug|Any CPU.Build.0 = Debug|Any CPU
		{19F526DD-98A0-4C49-9848-FF8791F90EE1}.Release|Any CPU.ActiveCfg = Release|Any CPU
		{19F526DD-98A0-4C49-9848-FF8791F90EE1}.Release|Any CPU.Build.0 = Release|Any CPU
		{046C7633-FEFE-4B4E-916A-0E6B8DE474B0}.Debug|Any CPU.ActiveCfg = Debug|Any CPU
		{046C7633-FEFE-4B4E-916A-0E6B8DE474B0}.Debug|Any CPU.Build.0 = Debug|Any CPU
		{046C7633-FEFE-4B4E-916A-0E6B8DE474B0}.Release|Any CPU.ActiveCfg = Release|Any CPU
		{046C7633-FEFE-4B4E-916A-0E6B8DE474B0}.Release|Any CPU.Build.0 = Release|Any CPU
		{6F7CD012-0912-4E19-96CA-48C6DADB14D3}.Debug|Any CPU.ActiveCfg = Debug|Any CPU
		{6F7CD012-0912-4E19-96CA-48C6DADB14D3}.Debug|Any CPU.Build.0 = Debug|Any CPU
		{6F7CD012-0912-4E19-96CA-48C6DADB14D3}.Release|Any CPU.ActiveCfg = Release|Any CPU
		{6F7CD012-0912-4E19-96CA-48C6DADB14D3}.Release|Any CPU.Build.0 = Release|Any CPU
	EndGlobalSection
	GlobalSection(SolutionProperties) = preSolution
		HideSolutionNode = FALSE
	EndGlobalSection
	GlobalSection(NestedProjects) = preSolution
		{FB903F3A-3F54-458C-9E70-C20391FC48CE} = {BA455CBD-5FA9-4C75-B592-FFE119D3E25A}
		{9D088DD1-1F39-417A-956D-3D9B92426C1D} = {4ADA8241-6DD1-4040-BB84-54F6419859EC}
		{9DCDD127-2481-4A4E-BD57-1B9AA48643DB} = {E6B5A7BB-BCE9-4F15-9DAF-ADBB250A7202}
		{4531620F-6BB3-4359-B6A8-7735BC6CF2CF} = {AC5172C7-E25C-4019-BA8E-87EB68ACDE3C}
		{13688A81-4B21-456C-8A3A-14479879AEEC} = {AC5172C7-E25C-4019-BA8E-87EB68ACDE3C}
		{25A5B116-00B3-4470-B762-8BCF9FCA12AD} = {AC5172C7-E25C-4019-BA8E-87EB68ACDE3C}
		{6AD1C8CC-F52F-4474-A874-D646BBC0F016} = {AC5172C7-E25C-4019-BA8E-87EB68ACDE3C}
		{2612C080-95DC-4307-95E3-241D08851FA7} = {AC5172C7-E25C-4019-BA8E-87EB68ACDE3C}
		{0258E454-4FC8-4CEB-A54C-0D7B618FC0EA} = {25A5B116-00B3-4470-B762-8BCF9FCA12AD}
		{E0743BD6-8C58-4647-9214-4AB060A90A25} = {25A5B116-00B3-4470-B762-8BCF9FCA12AD}
		{47D4674A-1975-4C0A-AEDE-609FED1D9C3D} = {25A5B116-00B3-4470-B762-8BCF9FCA12AD}
		{4F8899D1-C8DA-4AFC-88E3-5F5E0FA69C1D} = {25A5B116-00B3-4470-B762-8BCF9FCA12AD}
		{CEE8D9FF-4AA4-47A1-A748-EE835E3E7960} = {2612C080-95DC-4307-95E3-241D08851FA7}
		{87F585B4-77C2-4FEE-8E3C-C9E3919CEA96} = {2612C080-95DC-4307-95E3-241D08851FA7}
		{42D76B78-478D-4E67-8AD5-98142C90AAEF} = {2612C080-95DC-4307-95E3-241D08851FA7}
		{8BFC62CB-0318-42A2-A9F3-0F66381DB667} = {2612C080-95DC-4307-95E3-241D08851FA7}
		{F7ECBCD7-314D-4D3A-A186-3A8D0396E81D} = {13688A81-4B21-456C-8A3A-14479879AEEC}
		{09824D69-2278-465B-AC25-2F23A6CC76CF} = {13688A81-4B21-456C-8A3A-14479879AEEC}
		{B7846635-C270-462C-BAD5-9E7F4998A4A4} = {13688A81-4B21-456C-8A3A-14479879AEEC}
		{7669E3FB-3246-428C-95C7-5025A37BEB79} = {13688A81-4B21-456C-8A3A-14479879AEEC}
		{8862DB3E-90CE-4F81-ACC0-DE1A1D5D64E1} = {6AD1C8CC-F52F-4474-A874-D646BBC0F016}
		{63C4260F-BECC-430A-A05C-55E6875FC751} = {6AD1C8CC-F52F-4474-A874-D646BBC0F016}
		{EE9ECD67-85B3-4C2F-8FA7-0142DAE87221} = {6AD1C8CC-F52F-4474-A874-D646BBC0F016}
		{0A1BA991-1DD7-4672-AC35-B54800225A4C} = {6AD1C8CC-F52F-4474-A874-D646BBC0F016}
		{B8AEE840-E2FF-4FF4-B0BD-7F63244D9E5D} = {4531620F-6BB3-4359-B6A8-7735BC6CF2CF}
		{2CCFE595-B641-439C-817E-B46B883077B3} = {4531620F-6BB3-4359-B6A8-7735BC6CF2CF}
		{0E19C5FD-118A-4576-A528-31723BB82944} = {4531620F-6BB3-4359-B6A8-7735BC6CF2CF}
		{1C0851A1-2681-479D-9CA2-4A2ADE615249} = {4531620F-6BB3-4359-B6A8-7735BC6CF2CF}
		{EEB20103-6798-441C-9EB1-373100DA8079} = {1C0851A1-2681-479D-9CA2-4A2ADE615249}
		{19F526DD-98A0-4C49-9848-FF8791F90EE1} = {0E19C5FD-118A-4576-A528-31723BB82944}
		{046C7633-FEFE-4B4E-916A-0E6B8DE474B0} = {2CCFE595-B641-439C-817E-B46B883077B3}
		{6F7CD012-0912-4E19-96CA-48C6DADB14D3} = {B8AEE840-E2FF-4FF4-B0BD-7F63244D9E5D}
	EndGlobalSection
	GlobalSection(ExtensibilityGlobals) = postSolution
		SolutionGuid = {F40CB2AE-0FA6-4F31-B54B-2AC54B4BE9CD}
	EndGlobalSection
EndGlobal
